
Microsoft Visual Studio Solution File, Format Version 12.00
# Visual Studio Version 16
VisualStudioVersion = 16.0.31624.102
MinimumVisualStudioVersion = 10.0.40219.1
Project("{FAE04EC0-301F-11D3-BF4B-00C04F79EFBC}") = "University.Web", "University.Web\University.Web.csproj", "{351E4AEB-4695-4E66-BF98-BF53EDE1E85C}"
EndProject
Project("{FAE04EC0-301F-11D3-BF4B-00C04F79EFBC}") = "University.BL", "University.BL\University.BL.csproj", "{0AA9E7C3-EC78-459E-AD59-F5639F03C2F6}"
EndProject
Global
	GlobalSection(SolutionConfigurationPlatforms) = preSolution
		Debug|Any CPU = Debug|Any CPU
		Release|Any CPU = Release|Any CPU
	EndGlobalSection
	GlobalSection(ProjectConfigurationPlatforms) = postSolution
		{351E4AEB-4695-4E66-BF98-BF53EDE1E85C}.Debug|Any CPU.ActiveCfg = Debug|Any CPU
		{351E4AEB-4695-4E66-BF98-BF53EDE1E85C}.Debug|Any CPU.Build.0 = Debug|Any CPU
		{351E4AEB-4695-4E66-BF98-BF53EDE1E85C}.Release|Any CPU.ActiveCfg = Release|Any CPU
		{351E4AEB-4695-4E66-BF98-BF53EDE1E85C}.Release|Any CPU.Build.0 = Release|Any CPU
		{0AA9E7C3-EC78-459E-AD59-F5639F03C2F6}.Debug|Any CPU.ActiveCfg = Debug|Any CPU
		{0AA9E7C3-EC78-459E-AD59-F5639F03C2F6}.Debug|Any CPU.Build.0 = Debug|Any CPU
		{0AA9E7C3-EC78-459E-AD59-F5639F03C2F6}.Release|Any CPU.ActiveCfg = Release|Any CPU
		{0AA9E7C3-EC78-459E-AD59-F5639F03C2F6}.Release|Any CPU.Build.0 = Release|Any CPU
	EndGlobalSection
	GlobalSection(SolutionProperties) = preSolution
		HideSolutionNode = FALSE
	EndGlobalSection
	GlobalSection(ExtensibilityGlobals) = postSolution
		SolutionGuid = {27A55A0E-BD9E-46BE-B9AD-1B5B337D4778}
	EndGlobalSection
EndGlobal
